schema: '2.0'
stages:
  _check-env-main:
    cmd: calkit check environment --name main
    deps:
    - path: Dockerfile
      hash: md5
      md5: 98aeddb682be14a44ba9efa7453e282f
      size: 976
    - path: requirements.txt
      hash: md5
      md5: fb2e93ea3d68ed3b0a92994fd7797d96
      size: 120
    outs:
    - path: .calkit/env-locks/main.json
      hash: md5
      md5: 7ece45dc3f5d0778103637f3232cb1d7
      size: 6470
  _clean-nb-run-notebook:
    cmd: calkit nb clean "src/Finetune_ResNet.ipynb"
    deps:
    - path: src/Finetune_ResNet.ipynb
      hash: md5
      md5: 1d0b0db1e61e4e352cb4886b3c9b791e
      size: 189635
    outs:
    - path: .calkit/notebooks/cleaned/src/Finetune_ResNet.ipynb
      hash: md5
      md5: 2d894b08a39229cd5526c7d7172c79c0
      size: 18437
  run-notebook:
    cmd: calkit nb execute --environment main --no-check --to html 
      "src/Finetune_ResNet.ipynb"
    deps:
    - path: .calkit/env-locks/main.json
      hash: md5
      md5: 7ece45dc3f5d0778103637f3232cb1d7
      size: 6470
    - path: .calkit/notebooks/cleaned/src/Finetune_ResNet.ipynb
      hash: md5
      md5: 2d894b08a39229cd5526c7d7172c79c0
      size: 18437
    outs:
    - path: .calkit/notebooks/executed/src/Finetune_ResNet.ipynb
      hash: md5
      md5: 2997c95068479f390b1f73264ec63aa9
      size: 200813
    - path: .calkit/notebooks/html/src/Finetune_ResNet.html
      hash: md5
      md5: 3de91c1b9b5a76bd6e8ac246956c7ab6
      size: 506924
    - path: src/ResNet_results.csv
      hash: md5
      md5: 574c69a4814721924eaf2ad333cb6d2c
      size: 395
    - path: src/model.pt
      hash: md5
      md5: 24611e7029f36f772cee5b270cd0d95e
      size: 44809922
