schema: '2.0'
stages:
  _check-env-main:
    cmd: calkit check environment --name main
    deps:
    - path: Dockerfile
      hash: md5
      md5: 98aeddb682be14a44ba9efa7453e282f
      size: 976
      isexec: true
    - path: requirements.txt
      hash: md5
      md5: fb2e93ea3d68ed3b0a92994fd7797d96
      size: 120
      isexec: true
    outs:
    - path: .calkit/env-locks/main.json
      hash: md5
      md5: b70a241a75f888095aaf6df6ac6b9686
      size: 6340
      isexec: true
  _clean-nb-run-notebook:
    cmd: calkit nb clean "src/Finetune_ResNet.ipynb"
    deps:
    - path: src/Finetune_ResNet.ipynb
      hash: md5
      md5: 8ec09016de1753c2ee63072c629ac30d
      size: 189633
      isexec: true
    outs:
    - path: .calkit/notebooks/cleaned/src/Finetune_ResNet.ipynb
      hash: md5
      md5: 6ac7d3c4da394cbb982ff00290da72cb
      size: 18435
      isexec: true
  run-notebook:
    cmd: calkit nb execute --environment main --no-check --to html 
      "src/Finetune_ResNet.ipynb"
    deps:
    - path: .calkit/env-locks/main.json
      hash: md5
      md5: b70a241a75f888095aaf6df6ac6b9686
      size: 6340
      isexec: true
    - path: .calkit/notebooks/cleaned/src/Finetune_ResNet.ipynb
      hash: md5
      md5: 6ac7d3c4da394cbb982ff00290da72cb
      size: 18435
      isexec: true
    outs:
    - path: .calkit/notebooks/executed/src/Finetune_ResNet.ipynb
      hash: md5
      md5: 5f1fedca8ee27245d284a3a9ce814fe3
      size: 203186
      isexec: true
    - path: .calkit/notebooks/html/src/Finetune_ResNet.html
      hash: md5
      md5: 593b9b5c4bae9af09ac29a786a559ab4
      size: 509297
      isexec: true
    - path: src/ResNet_results.csv
      hash: md5
      md5: 574c69a4814721924eaf2ad333cb6d2c
      size: 395
      isexec: true
    - path: src/model.pt
      hash: md5
      md5: be20b37abedc48fded200816efee9606
      size: 44809922
      isexec: true
